
Microsoft Visual Studio Solution File, Format Version 12.00
# Visual Studio Version 16
VisualStudioVersion = 16.0.31424.327
MinimumVisualStudioVersion = 10.0.40219.1
Project("{FAE04EC0-301F-11D3-BF4B-00C04F79EFBC}") = "whileChallenge", "whileChallenge\whileChallenge.csproj", "{FEE9AA57-6CC0-4BA9-88C3-195F1C7B97A5}"
EndProject
Global
	GlobalSection(SolutionConfigurationPlatforms) = preSolution
		Debug|Any CPU = Debug|Any CPU
		Release|Any CPU = Release|Any CPU
	EndGlobalSection
	GlobalSection(ProjectConfigurationPlatforms) = postSolution
		{FEE9AA57-6CC0-4BA9-88C3-195F1C7B97A5}.Debug|Any CPU.ActiveCfg = Debug|Any CPU
		{FEE9AA57-6CC0-4BA9-88C3-195F1C7B97A5}.Debug|Any CPU.Build.0 = Debug|Any CPU
		{FEE9AA57-6CC0-4BA9-88C3-195F1C7B97A5}.Release|Any CPU.ActiveCfg = Release|Any CPU
		{FEE9AA57-6CC0-4BA9-88C3-195F1C7B97A5}.Release|Any CPU.Build.0 = Release|Any CPU
	EndGlobalSection
	GlobalSection(SolutionProperties) = preSolution
		HideSolutionNode = FALSE
	EndGlobalSection
	GlobalSection(ExtensibilityGlobals) = postSolution
		SolutionGuid = {4034D776-5C58-4E21-B56B-36B348785B78}
	EndGlobalSection
EndGlobal
